
Microsoft Visual Studio Solution File, Format Version 12.00
# Visual Studio Version 16
VisualStudioVersion = 16.0.28803.202
MinimumVisualStudioVersion = 10.0.40219.1
Project("{9A19103F-16F7-4668-BE54-9A1E7A4F7556}") = "HNSW.Net", "HNSW.Net\HNSW.Net.csproj", "{1A7D27E7-4F89-4197-BA86-2A7E80E702DE}"
EndProject
Project("{9A19103F-16F7-4668-BE54-9A1E7A4F7556}") = "HNSW.Net.Tests", "HNSW.Net.Tests\HNSW.Net.Tests.csproj", "{F1C038AB-3654-45F3-BE98-378D4EDC2762}"
EndProject
Project("{9A19103F-16F7-4668-BE54-9A1E7A4F7556}") = "HNSW.Net.Demo", "HNSW.Net.Demo\HNSW.Net.Demo.csproj", "{6F62C4BE-5D1C-4302-9813-E707EB902221}"
EndProject
Project("{2150E333-8FDC-42A3-9474-1A3956D46DE8}") = ".azuredevops", ".azuredevops", "{07C754D2-86A3-46F1-B78D-9C81F8974996}"
	ProjectSection(SolutionItems) = preProject
		..\build-nuget.yml = ..\build-nuget.yml
	EndProjectSection
EndProject
Global
	GlobalSection(SolutionConfigurationPlatforms) = preSolution
		Debug|Any CPU = Debug|Any CPU
		Debug|x64 = Debug|x64
		Debug|x86 = Debug|x86
		Release|Any CPU = Release|Any CPU
		Release|x64 = Release|x64
		Release|x86 = Release|x86
	EndGlobalSection
	GlobalSection(ProjectConfigurationPlatforms) = postSolution
		{1A7D27E7-4F89-4197-BA86-2A7E80E702DE}.Debug|Any CPU.ActiveCfg = Debug|Any CPU
		{1A7D27E7-4F89-4197-BA86-2A7E80E702DE}.Debug|Any CPU.Build.0 = Debug|Any CPU
		{1A7D27E7-4F89-4197-BA86-2A7E80E702DE}.Debug|x64.ActiveCfg = Debug|Any CPU
		{1A7D27E7-4F89-4197-BA86-2A7E80E702DE}.Debug|x64.Build.0 = Debug|Any CPU
		{1A7D27E7-4F89-4197-BA86-2A7E80E702DE}.Debug|x86.ActiveCfg = Debug|Any CPU
		{1A7D27E7-4F89-4197-BA86-2A7E80E702DE}.Debug|x86.Build.0 = Debug|Any CPU
		{1A7D27E7-4F89-4197-BA86-2A7E80E702DE}.Release|Any CPU.ActiveCfg = Release|Any CPU
		{1A7D27E7-4F89-4197-BA86-2A7E80E702DE}.Release|Any CPU.Build.0 = Release|Any CPU
		{1A7D27E7-4F89-4197-BA86-2A7E80E702DE}.Release|x64.ActiveCfg = Release|Any CPU
		{1A7D27E7-4F89-4197-BA86-2A7E80E702DE}.Release|x64.Build.0 = Release|Any CPU
		{1A7D27E7-4F89-4197-BA86-2A7E80E702DE}.Release|x86.ActiveCfg = Release|Any CPU
		{1A7D27E7-4F89-4197-BA86-2A7E80E702DE}.Release|x86.Build.0 = Release|Any CPU
		{F1C038AB-3654-45F3-BE98-378D4EDC2762}.Debug|Any CPU.ActiveCfg = Debug|Any CPU
		{F1C038AB-3654-45F3-BE98-378D4EDC2762}.Debug|Any CPU.Build.0 = Debug|Any CPU
		{F1C038AB-3654-45F3-BE98-378D4EDC2762}.Debug|x64.ActiveCfg = Debug|Any CPU
		{F1C038AB-3654-45F3-BE98-378D4EDC2762}.Debug|x64.Build.0 = Debug|Any CPU
		{F1C038AB-3654-45F3-BE98-378D4EDC2762}.Debug|x86.ActiveCfg = Debug|Any CPU
		{F1C038AB-3654-45F3-BE98-378D4EDC2762}.Debug|x86.Build.0 = Debug|Any CPU
		{F1C038AB-3654-45F3-BE98-378D4EDC2762}.Release|Any CPU.ActiveCfg = Release|Any CPU
		{F1C038AB-3654-45F3-BE98-378D4EDC2762}.Release|Any CPU.Build.0 = Release|Any CPU
		{F1C038AB-3654-45F3-BE98-378D4EDC2762}.Release|x64.ActiveCfg = Release|Any CPU
		{F1C038AB-3654-45F3-BE98-378D4EDC2762}.Release|x64.Build.0 = Release|Any CPU
		{F1C038AB-3654-45F3-BE98-378D4EDC2762}.Release|x86.ActiveCfg = Release|Any CPU
		{F1C038AB-3654-45F3-BE98-378D4EDC2762}.Release|x86.Build.0 = Release|Any CPU
		{6F62C4BE-5D1C-4302-9813-E707EB902221}.Debug|Any CPU.ActiveCfg = Debug|Any CPU
		{6F62C4BE-5D1C-4302-9813-E707EB902221}.Debug|Any CPU.Build.0 = Debug|Any CPU
		{6F62C4BE-5D1C-4302-9813-E707EB902221}.Debug|x64.ActiveCfg = Debug|Any CPU
		{6F62C4BE-5D1C-4302-9813-E707EB902221}.Debug|x64.Build.0 = Debug|Any CPU
		{6F62C4BE-5D1C-4302-9813-E707EB902221}.Debug|x86.ActiveCfg = Debug|Any CPU
		{6F62C4BE-5D1C-4302-9813-E707EB902221}.Debug|x86.Build.0 = Debug|Any CPU
		{6F62C4BE-5D1C-4302-9813-E707EB902221}.Release|Any CPU.ActiveCfg = Release|Any CPU
		{6F62C4BE-5D1C-4302-9813-E707EB902221}.Release|Any CPU.Build.0 = Release|Any CPU
		{6F62C4BE-5D1C-4302-9813-E707EB902221}.Release|x64.ActiveCfg = Release|Any CPU
		{6F62C4BE-5D1C-4302-9813-E707EB902221}.Release|x64.Build.0 = Release|Any CPU
		{6F62C4BE-5D1C-4302-9813-E707EB902221}.Release|x86.ActiveCfg = Release|Any CPU
		{6F62C4BE-5D1C-4302-9813-E707EB902221}.Release|x86.Build.0 = Release|Any CPU
	EndGlobalSection
	GlobalSection(SolutionProperties) = preSolution
		HideSolutionNode = FALSE
	EndGlobalSection
	GlobalSection(ExtensibilityGlobals) = postSolution
		SolutionGuid = {0B720E3E-7DD4-4ED8-BD60-49E166055CBD}
	EndGlobalSection
EndGlobal
